// !$*UTF8*$!
{
	archiveVersion = 1;
	classes = {
	};
	objectVersion = 77;
	objects = {

/* Begin PBXBuildFile section */
		9039E2C43B027616E0F03901 /* Pods_fa_mail.framework in Frameworks */ = {isa = PBXBuildFile; fileRef = 60BFEC5EC5A778BA52845E00 /* Pods_fa_mail.framework */; };
		9172B1E498329A29E1DF1F23 /* Pods_fa_mailTests.framework in Frameworks */ = {isa = PBXBuildFile; fileRef = 382E319E00C80ED2167FDF3B /* Pods_fa_mailTests.framework */; };
		F2D9F56C6DAB8E37F8A9B427 /* Pods_fa_mail_fa_mailUITests.framework in Frameworks */ = {isa = PBXBuildFile; fileRef = 0557B74A99AD8546CF04BB0D /* Pods_fa_mail_fa_mailUITests.framework */; };
/* End PBXBuildFile section */

/* Begin PBXContainerItemProxy section */
		B96C193D2D24D448008C8271 /* PBXContainerItemProxy */ = {
			isa = PBXContainerItemProxy;
			containerPortal = B96C19242D24D445008C8271 /* Project object */;
			proxyType = 1;
			remoteGlobalIDString = B96C192B2D24D445008C8271;
			remoteInfo = "fa-mail";
		};
		B96C19472D24D448008C8271 /* PBXContainerItemProxy */ = {
			isa = PBXContainerItemProxy;
			containerPortal = B96C19242D24D445008C8271 /* Project object */;
			proxyType = 1;
			remoteGlobalIDString = B96C192B2D24D445008C8271;
			remoteInfo = "fa-mail";
		};
/* End PBXContainerItemProxy section */

/* Begin PBXFileReference section */
		0557B74A99AD8546CF04BB0D /* Pods_fa_mail_fa_mailUITests.framework */ = {isa = PBXFileReference; explicitFileType = wrapper.framework; includeInIndex = 0; path = Pods_fa_mail_fa_mailUITests.framework; sourceTree = BUILT_PRODUCTS_DIR; };
		0B15431575FE3E4DDD0820A3 /* Pods-fa-mail.release.xcconfig */ = {isa = PBXFileReference; includeInIndex = 1; lastKnownFileType = text.xcconfig; name = "Pods-fa-mail.release.xcconfig"; path = "Target Support Files/Pods-fa-mail/Pods-fa-mail.release.xcconfig"; sourceTree = "<group>"; };
		382E319E00C80ED2167FDF3B /* Pods_fa_mailTests.framework */ = {isa = PBXFileReference; explicitFileType = wrapper.framework; includeInIndex = 0; path = Pods_fa_mailTests.framework; sourceTree = BUILT_PRODUCTS_DIR; };
		3CA0CE507DB35C82B9E8C483 /* Pods-fa-mail.debug.xcconfig */ = {isa = PBXFileReference; includeInIndex = 1; lastKnownFileType = text.xcconfig; name = "Pods-fa-mail.debug.xcconfig"; path = "Target Support Files/Pods-fa-mail/Pods-fa-mail.debug.xcconfig"; sourceTree = "<group>"; };
		60BFEC5EC5A778BA52845E00 /* Pods_fa_mail.framework */ = {isa = PBXFileReference; explicitFileType = wrapper.framework; includeInIndex = 0; path = Pods_fa_mail.framework; sourceTree = BUILT_PRODUCTS_DIR; };
		B96C192C2D24D445008C8271 /* fa-mail.app */ = {isa = PBXFileReference; explicitFileType = wrapper.application; includeInIndex = 0; path = "fa-mail.app"; sourceTree = BUILT_PRODUCTS_DIR; };
		B96C193C2D24D448008C8271 /* fa-mailTests.xctest */ = {isa = PBXFileReference; explicitFileType = wrapper.cfbundle; includeInIndex = 0; path = "fa-mailTests.xctest"; sourceTree = BUILT_PRODUCTS_DIR; };
		B96C19462D24D448008C8271 /* fa-mailUITests.xctest */ = {isa = PBXFileReference; explicitFileType = wrapper.cfbundle; includeInIndex = 0; path = "fa-mailUITests.xctest"; sourceTree = BUILT_PRODUCTS_DIR; };
		BF3A7338AF8004D405C9F3AE /* Pods-fa-mail-fa-mailUITests.release.xcconfig */ = {isa = PBXFileReference; includeInIndex = 1; lastKnownFileType = text.xcconfig; name = "Pods-fa-mail-fa-mailUITests.release.xcconfig"; path = "Target Support Files/Pods-fa-mail-fa-mailUITests/Pods-fa-mail-fa-mailUITests.release.xcconfig"; sourceTree = "<group>"; };
		CFEF66E2CD90C46E0C935678 /* Pods-fa-mailTests.debug.xcconfig */ = {isa = PBXFileReference; includeInIndex = 1; lastKnownFileType = text.xcconfig; name = "Pods-fa-mailTests.debug.xcconfig"; path = "Target Support Files/Pods-fa-mailTests/Pods-fa-mailTests.debug.xcconfig"; sourceTree = "<group>"; };
		DA124DDC9CFFCFC127001401 /* Pods-fa-mail-fa-mailUITests.debug.xcconfig */ = {isa = PBXFileReference; includeInIndex = 1; lastKnownFileType = text.xcconfig; name = "Pods-fa-mail-fa-mailUITests.debug.xcconfig"; path = "Target Support Files/Pods-fa-mail-fa-mailUITests/Pods-fa-mail-fa-mailUITests.debug.xcconfig"; sourceTree = "<group>"; };
		FA77195601348423971693A3 /* Pods-fa-mailTests.release.xcconfig */ = {isa = PBXFileReference; includeInIndex = 1; lastKnownFileType = text.xcconfig; name = "Pods-fa-mailTests.release.xcconfig"; path = "Target Support Files/Pods-fa-mailTests/Pods-fa-mailTests.release.xcconfig"; sourceTree = "<group>"; };
/* End PBXFileReference section */

/* Begin PBXFileSystemSynchronizedBuildFileExceptionSet section */
		B99559A12D2A4E8800DBEFC4 /* Exceptions for "fa-mail" folder in "fa-mail" target */ = {
			isa = PBXFileSystemSynchronizedBuildFileExceptionSet;
			membershipExceptions = (
				Info.plist,
			);
			target = B96C192B2D24D445008C8271 /* fa-mail */;
		};
/* End PBXFileSystemSynchronizedBuildFileExceptionSet section */

/* Begin PBXFileSystemSynchronizedRootGroup section */
		B96C192E2D24D445008C8271 /* fa-mail */ = {
			isa = PBXFileSystemSynchronizedRootGroup;
			exceptions = (
				B99559A12D2A4E8800DBEFC4 /* Exceptions for "fa-mail" folder in "fa-mail" target */,
			);
			path = "fa-mail";
			sourceTree = "<group>";
		};
		B96C193F2D24D448008C8271 /* fa-mailTests */ = {
			isa = PBXFileSystemSynchronizedRootGroup;
			path = "fa-mailTests";
			sourceTree = "<group>";
		};
		B96C19492D24D448008C8271 /* fa-mailUITests */ = {
			isa = PBXFileSystemSynchronizedRootGroup;
			path = "fa-mailUITests";
			sourceTree = "<group>";
		};
/* End PBXFileSystemSynchronizedRootGroup section */

/* Begin PBXFrameworksBuildPhase section */
		B96C19292D24D445008C8271 /* Frameworks */ = {
			isa = PBXFrameworksBuildPhase;
			buildActionMask = 2147483647;
			files = (
				9039E2C43B027616E0F03901 /* Pods_fa_mail.framework in Frameworks */,
			);
			runOnlyForDeploymentPostprocessing = 0;
		};
		B96C19392D24D448008C8271 /* Frameworks */ = {
			isa = PBXFrameworksBuildPhase;
			buildActionMask = 2147483647;
			files = (
				9172B1E498329A29E1DF1F23 /* Pods_fa_mailTests.framework in Frameworks */,
			);
			runOnlyForDeploymentPostprocessing = 0;
		};
		B96C19432D24D448008C8271 /* Frameworks */ = {
			isa = PBXFrameworksBuildPhase;
			buildActionMask = 2147483647;
			files = (
				F2D9F56C6DAB8E37F8A9B427 /* Pods_fa_mail_fa_mailUITests.framework in Frameworks */,
			);
			runOnlyForDeploymentPostprocessing = 0;
		};
/* End PBXFrameworksBuildPhase section */

/* Begin PBXGroup section */
		B96C19232D24D445008C8271 = {
			isa = PBXGroup;
			children = (
				B96C192E2D24D445008C8271 /* fa-mail */,
				B96C193F2D24D448008C8271 /* fa-mailTests */,
				B96C19492D24D448008C8271 /* fa-mailUITests */,
				B96C192D2D24D445008C8271 /* Products */,
				E0F6209C43C398CB5D4133FF /* Pods */,
				E957FF30F14478513F45C06C /* Frameworks */,
			);
			sourceTree = "<group>";
		};
		B96C192D2D24D445008C8271 /* Products */ = {
			isa = PBXGroup;
			children = (
				B96C192C2D24D445008C8271 /* fa-mail.app */,
				B96C193C2D24D448008C8271 /* fa-mailTests.xctest */,
				B96C19462D24D448008C8271 /* fa-mailUITests.xctest */,
			);
			name = Products;
			sourceTree = "<group>";
		};
		E0F6209C43C398CB5D4133FF /* Pods */ = {
			isa = PBXGroup;
			children = (
				3CA0CE507DB35C82B9E8C483 /* Pods-fa-mail.debug.xcconfig */,
				0B15431575FE3E4DDD0820A3 /* Pods-fa-mail.release.xcconfig */,
				DA124DDC9CFFCFC127001401 /* Pods-fa-mail-fa-mailUITests.debug.xcconfig */,
				BF3A7338AF8004D405C9F3AE /* Pods-fa-mail-fa-mailUITests.release.xcconfig */,
				CFEF66E2CD90C46E0C935678 /* Pods-fa-mailTests.debug.xcconfig */,
				FA77195601348423971693A3 /* Pods-fa-mailTests.release.xcconfig */,
			);
			path = Pods;
			sourceTree = "<group>";
		};
		E957FF30F14478513F45C06C /* Frameworks */ = {
			isa = PBXGroup;
			children = (
				60BFEC5EC5A778BA52845E00 /* Pods_fa_mail.framework */,
				0557B74A99AD8546CF04BB0D /* Pods_fa_mail_fa_mailUITests.framework */,
				382E319E00C80ED2167FDF3B /* Pods_fa_mailTests.framework */,
			);
			name = Frameworks;
			sourceTree = "<group>";
		};
/* End PBXGroup section */

/* Begin PBXNativeTarget section */
		B96C192B2D24D445008C8271 /* fa-mail */ = {
			isa = PBXNativeTarget;
			buildConfigurationList = B96C19502D24D448008C8271 /* Build configuration list for PBXNativeTarget "fa-mail" */;
			buildPhases = (
				21FBC1E41167516B811212C0 /* [CP] Check Pods Manifest.lock */,
				B96C19282D24D445008C8271 /* Sources */,
				B96C19292D24D445008C8271 /* Frameworks */,
				B96C192A2D24D445008C8271 /* Resources */,
			);
			buildRules = (
			);
			dependencies = (
			);
			fileSystemSynchronizedGroups = (
				B96C192E2D24D445008C8271 /* fa-mail */,
			);
			name = "fa-mail";
			productName = "fa-mail";
			productReference = B96C192C2D24D445008C8271 /* fa-mail.app */;
			productType = "com.apple.product-type.application";
		};
		B96C193B2D24D448008C8271 /* fa-mailTests */ = {
			isa = PBXNativeTarget;
			buildConfigurationList = B96C19532D24D448008C8271 /* Build configuration list for PBXNativeTarget "fa-mailTests" */;
			buildPhases = (
				5D4CADDFDCF3E1B27F14AC77 /* [CP] Check Pods Manifest.lock */,
				B96C19382D24D448008C8271 /* Sources */,
				B96C19392D24D448008C8271 /* Frameworks */,
				B96C193A2D24D448008C8271 /* Resources */,
			);
			buildRules = (
			);
			dependencies = (
				B96C193E2D24D448008C8271 /* PBXTargetDependency */,
			);
			fileSystemSynchronizedGroups = (
				B96C193F2D24D448008C8271 /* fa-mailTests */,
			);
			name = "fa-mailTests";
			productName = "fa-mailTests";
			productReference = B96C193C2D24D448008C8271 /* fa-mailTests.xctest */;
			productType = "com.apple.product-type.bundle.unit-test";
		};
		B96C19452D24D448008C8271 /* fa-mailUITests */ = {
			isa = PBXNativeTarget;
			buildConfigurationList = B96C19562D24D448008C8271 /* Build configuration list for PBXNativeTarget "fa-mailUITests" */;
			buildPhases = (
				7E402A685E8510A6911432AD /* [CP] Check Pods Manifest.lock */,
				B96C19422D24D448008C8271 /* Sources */,
				B96C19432D24D448008C8271 /* Frameworks */,
				B96C19442D24D448008C8271 /* Resources */,
			);
			buildRules = (
			);
			dependencies = (
				B96C19482D24D448008C8271 /* PBXTargetDependency */,
			);
			fileSystemSynchronizedGroups = (
				B96C19492D24D448008C8271 /* fa-mailUITests */,
			);
			name = "fa-mailUITests";
			productName = "fa-mailUITests";
			productReference = B96C19462D24D448008C8271 /* fa-mailUITests.xctest */;
			productType = "com.apple.product-type.bundle.ui-testing";
		};
/* End PBXNativeTarget section */

/* Begin PBXProject section */
		B96C19242D24D445008C8271 /* Project object */ = {
			isa = PBXProject;
			attributes = {
				BuildIndependentTargetsInParallel = 1;
				LastSwiftUpdateCheck = 1620;
				LastUpgradeCheck = 1620;
				TargetAttributes = {
					B96C192B2D24D445008C8271 = {
						CreatedOnToolsVersion = 16.2;
						LastSwiftMigration = 1620;
					};
					B96C193B2D24D448008C8271 = {
						CreatedOnToolsVersion = 16.2;
						TestTargetID = B96C192B2D24D445008C8271;
					};
					B96C19452D24D448008C8271 = {
						CreatedOnToolsVersion = 16.2;
						TestTargetID = B96C192B2D24D445008C8271;
					};
				};
			};
			buildConfigurationList = B96C19272D24D445008C8271 /* Build configuration list for PBXProject "fa-mail" */;
			developmentRegion = en;
			hasScannedForEncodings = 0;
			knownRegions = (
				en,
				Base,
			);
			mainGroup = B96C19232D24D445008C8271;
			minimizedProjectReferenceProxies = 1;
			packageReferences = (
				B96C19592D251925008C8271 /* XCRemoteSwiftPackageReference "mailcore2" */,
			);
			preferredProjectObjectVersion = 77;
			productRefGroup = B96C192D2D24D445008C8271 /* Products */;
			projectDirPath = "";
			projectRoot = "";
			targets = (
				B96C192B2D24D445008C8271 /* fa-mail */,
				B96C193B2D24D448008C8271 /* fa-mailTests */,
				B96C19452D24D448008C8271 /* fa-mailUITests */,
			);
		};
/* End PBXProject section */

/* Begin PBXResourcesBuildPhase section */
		B96C192A2D24D445008C8271 /* Resources */ = {
			isa = PBXResourcesBuildPhase;
			buildActionMask = 2147483647;
			files = (
			);
			runOnlyForDeploymentPostprocessing = 0;
		};
		B96C193A2D24D448008C8271 /* Resources */ = {
			isa = PBXResourcesBuildPhase;
			buildActionMask = 2147483647;
			files = (
			);
			runOnlyForDeploymentPostprocessing = 0;
		};
		B96C19442D24D448008C8271 /* Resources */ = {
			isa = PBXResourcesBuildPhase;
			buildActionMask = 2147483647;
			files = (
			);
			runOnlyForDeploymentPostprocessing = 0;
		};
/* End PBXResourcesBuildPhase section */

/* Begin PBXShellScriptBuildPhase section */
		21FBC1E41167516B811212C0 /* [CP] Check Pods Manifest.lock */ = {
			isa = PBXShellScriptBuildPhase;
			buildActionMask = 2147483647;
			files = (
			);
			inputFileListPaths = (
			);
			inputPaths = (
				"${PODS_PODFILE_DIR_PATH}/Podfile.lock",
				"${PODS_ROOT}/Manifest.lock",
			);
			name = "[CP] Check Pods Manifest.lock";
			outputFileListPaths = (
			);
			outputPaths = (
				"$(DERIVED_FILE_DIR)/Pods-fa-mail-checkManifestLockResult.txt",
			);
			runOnlyForDeploymentPostprocessing = 0;
			shellPath = /bin/sh;
			shellScript = "diff \"${PODS_PODFILE_DIR_PATH}/Podfile.lock\" \"${PODS_ROOT}/Manifest.lock\" > /dev/null\nif [ $? != 0 ] ; then\n    # print error to STDERR\n    echo \"error: The sandbox is not in sync with the Podfile.lock. Run 'pod install' or update your CocoaPods installation.\" >&2\n    exit 1\nfi\n# This output is used by Xcode 'outputs' to avoid re-running this script phase.\necho \"SUCCESS\" > \"${SCRIPT_OUTPUT_FILE_0}\"\n";
			showEnvVarsInLog = 0;
		};
		5D4CADDFDCF3E1B27F14AC77 /* [CP] Check Pods Manifest.lock */ = {
			isa = PBXShellScriptBuildPhase;
			buildActionMask = 2147483647;
			files = (
			);
			inputFileListPaths = (
			);
			inputPaths = (
				"${PODS_PODFILE_DIR_PATH}/Podfile.lock",
				"${PODS_ROOT}/Manifest.lock",
			);
			name = "[CP] Check Pods Manifest.lock";
			outputFileListPaths = (
			);
			outputPaths = (
				"$(DERIVED_FILE_DIR)/Pods-fa-mailTests-checkManifestLockResult.txt",
			);
			runOnlyForDeploymentPostprocessing = 0;
			shellPath = /bin/sh;
			shellScript = "diff \"${PODS_PODFILE_DIR_PATH}/Podfile.lock\" \"${PODS_ROOT}/Manifest.lock\" > /dev/null\nif [ $? != 0 ] ; then\n    # print error to STDERR\n    echo \"error: The sandbox is not in sync with the Podfile.lock. Run 'pod install' or update your CocoaPods installation.\" >&2\n    exit 1\nfi\n# This output is used by Xcode 'outputs' to avoid re-running this script phase.\necho \"SUCCESS\" > \"${SCRIPT_OUTPUT_FILE_0}\"\n";
			showEnvVarsInLog = 0;
		};
		7E402A685E8510A6911432AD /* [CP] Check Pods Manifest.lock */ = {
			isa = PBXShellScriptBuildPhase;
			buildActionMask = 2147483647;
			files = (
			);
			inputFileListPaths = (
			);
			inputPaths = (
				"${PODS_PODFILE_DIR_PATH}/Podfile.lock",
				"${PODS_ROOT}/Manifest.lock",
			);
			name = "[CP] Check Pods Manifest.lock";
			outputFileListPaths = (
			);
			outputPaths = (
				"$(DERIVED_FILE_DIR)/Pods-fa-mail-fa-mailUITests-checkManifestLockResult.txt",
			);
			runOnlyForDeploymentPostprocessing = 0;
			shellPath = /bin/sh;
			shellScript = "diff \"${PODS_PODFILE_DIR_PATH}/Podfile.lock\" \"${PODS_ROOT}/Manifest.lock\" > /dev/null\nif [ $? != 0 ] ; then\n    # print error to STDERR\n    echo \"error: The sandbox is not in sync with the Podfile.lock. Run 'pod install' or update your CocoaPods installation.\" >&2\n    exit 1\nfi\n# This output is used by Xcode 'outputs' to avoid re-running this script phase.\necho \"SUCCESS\" > \"${SCRIPT_OUTPUT_FILE_0}\"\n";
			showEnvVarsInLog = 0;
		};
/* End PBXShellScriptBuildPhase section */

/* Begin PBXSourcesBuildPhase section */
		B96C19282D24D445008C8271 /* Sources */ = {
			isa = PBXSourcesBuildPhase;
			buildActionMask = 2147483647;
			files = (
			);
			runOnlyForDeploymentPostprocessing = 0;
		};
		B96C19382D24D448008C8271 /* Sources */ = {
			isa = PBXSourcesBuildPhase;
			buildActionMask = 2147483647;
			files = (
			);
			runOnlyForDeploymentPostprocessing = 0;
		};
		B96C19422D24D448008C8271 /* Sources */ = {
			isa = PBXSourcesBuildPhase;
			buildActionMask = 2147483647;
			files = (
			);
			runOnlyForDeploymentPostprocessing = 0;
		};
/* End PBXSourcesBuildPhase section */

/* Begin PBXTargetDependency section */
		B96C193E2D24D448008C8271 /* PBXTargetDependency */ = {
			isa = PBXTargetDependency;
			target = B96C192B2D24D445008C8271 /* fa-mail */;
			targetProxy = B96C193D2D24D448008C8271 /* PBXContainerItemProxy */;
		};
		B96C19482D24D448008C8271 /* PBXTargetDependency */ = {
			isa = PBXTargetDependency;
			target = B96C192B2D24D445008C8271 /* fa-mail */;
			targetProxy = B96C19472D24D448008C8271 /* PBXContainerItemProxy */;
		};
/* End PBXTargetDependency section */

/* Begin XCBuildConfiguration section */
		B96C194E2D24D448008C8271 /* Debug */ = {
			isa = XCBuildConfiguration;
			buildSettings = {
				ALWAYS_SEARCH_USER_PATHS = NO;
				"ARCHS[sdk=iphoneos*]" = "$(ARCHS_STANDARD)";
				ASSETCATALOG_COMPILER_GENERATE_SWIFT_ASSET_SYMBOL_EXTENSIONS = YES;
				CLANG_ANALYZER_NONNULL = YES;
				CLANG_ANALYZER_NUMBER_OBJECT_CONVERSION = YES_AGGRESSIVE;
				CLANG_CXX_LANGUAGE_STANDARD = "gnu++20";
				CLANG_ENABLE_MODULES = YES;
				CLANG_ENABLE_OBJC_ARC = YES;
				CLANG_ENABLE_OBJC_WEAK = YES;
				CLANG_WARN_BLOCK_CAPTURE_AUTORELEASING = YES;
				CLANG_WARN_BOOL_CONVERSION = YES;
				CLANG_WARN_COMMA = YES;
				CLANG_WARN_CONSTANT_CONVERSION = YES;
				CLANG_WARN_DEPRECATED_OBJC_IMPLEMENTATIONS = YES;
				CLANG_WARN_DIRECT_OBJC_ISA_USAGE = YES_ERROR;
				CLANG_WARN_DOCUMENTATION_COMMENTS = YES;
				CLANG_WARN_EMPTY_BODY = YES;
				CLANG_WARN_ENUM_CONVERSION = YES;
				CLANG_WARN_INFINITE_RECURSION = YES;
				CLANG_WARN_INT_CONVERSION = YES;
				CLANG_WARN_NON_LITERAL_NULL_CONVERSION = YES;
				CLANG_WARN_OBJC_IMPLICIT_RETAIN_SELF = YES;
				CLANG_WARN_OBJC_LITERAL_CONVERSION = YES;
				CLANG_WARN_OBJC_ROOT_CLASS = YES_ERROR;
				CLANG_WARN_QUOTED_INCLUDE_IN_FRAMEWORK_HEADER = YES;
				CLANG_WARN_RANGE_LOOP_ANALYSIS = YES;
				CLANG_WARN_STRICT_PROTOTYPES = YES;
				CLANG_WARN_SUSPICIOUS_MOVE = YES;
				CLANG_WARN_UNGUARDED_AVAILABILITY = YES_AGGRESSIVE;
				CLANG_WARN_UNREACHABLE_CODE = YES;
				CLANG_WARN__DUPLICATE_METHOD_MATCH = YES;
				COPY_PHASE_STRIP = NO;
				DEBUG_INFORMATION_FORMAT = dwarf;
				ENABLE_STRICT_OBJC_MSGSEND = YES;
				ENABLE_TESTABILITY = YES;
				ENABLE_USER_SCRIPT_SANDBOXING = YES;
				GCC_C_LANGUAGE_STANDARD = gnu17;
				GCC_DYNAMIC_NO_PIC = NO;
				GCC_NO_COMMON_BLOCKS = YES;
				GCC_OPTIMIZATION_LEVEL = 0;
				GCC_PREPROCESSOR_DEFINITIONS = (
					"DEBUG=1",
					"$(inherited)",
				);
				GCC_WARN_64_TO_32_BIT_CONVERSION = YES;
				GCC_WARN_ABOUT_RETURN_TYPE = YES_ERROR;
				GCC_WARN_UNDECLARED_SELECTOR = YES;
				GCC_WARN_UNINITIALIZED_AUTOS = YES_AGGRESSIVE;
				GCC_WARN_UNUSED_FUNCTION = YES;
				GCC_WARN_UNUSED_VARIABLE = YES;
				IPHONEOS_DEPLOYMENT_TARGET = 18.2;
				LOCALIZATION_PREFERS_STRING_CATALOGS = YES;
				MTL_ENABLE_DEBUG_INFO = INCLUDE_SOURCE;
				MTL_FAST_MATH = YES;
				ONLY_ACTIVE_ARCH = YES;
				SDKROOT = iphoneos;
				SWIFT_ACTIVE_COMPILATION_CONDITIONS = "DEBUG $(inherited)";
				SWIFT_OPTIMIZATION_LEVEL = "-Onone";
			};
			name = Debug;
		};
		B96C194F2D24D448008C8271 /* Release */ = {
			isa = XCBuildConfiguration;
			buildSettings = {
				ALWAYS_SEARCH_USER_PATHS = NO;
				"ARCHS[sdk=iphoneos*]" = "$(ARCHS_STANDARD)";
				ASSETCATALOG_COMPILER_GENERATE_SWIFT_ASSET_SYMBOL_EXTENSIONS = YES;
				CLANG_ANALYZER_NONNULL = YES;
				CLANG_ANALYZER_NUMBER_OBJECT_CONVERSION = YES_AGGRESSIVE;
				CLANG_CXX_LANGUAGE_STANDARD = "gnu++20";
				CLANG_ENABLE_MODULES = YES;
				CLANG_ENABLE_OBJC_ARC = YES;
				CLANG_ENABLE_OBJC_WEAK = YES;
				CLANG_WARN_BLOCK_CAPTURE_AUTORELEASING = YES;
				CLANG_WARN_BOOL_CONVERSION = YES;
				CLANG_WARN_COMMA = YES;
				CLANG_WARN_CONSTANT_CONVERSION = YES;
				CLANG_WARN_DEPRECATED_OBJC_IMPLEMENTATIONS = YES;
				CLANG_WARN_DIRECT_OBJC_ISA_USAGE = YES_ERROR;
				CLANG_WARN_DOCUMENTATION_COMMENTS = YES;
				CLANG_WARN_EMPTY_BODY = YES;
				CLANG_WARN_ENUM_CONVERSION = YES;
				CLANG_WARN_INFINITE_RECURSION = YES;
				CLANG_WARN_INT_CONVERSION = YES;
				CLANG_WARN_NON_LITERAL_NULL_CONVERSION = YES;
				CLANG_WARN_OBJC_IMPLICIT_RETAIN_SELF = YES;
				CLANG_WARN_OBJC_LITERAL_CONVERSION = YES;
				CLANG_WARN_OBJC_ROOT_CLASS = YES_ERROR;
				CLANG_WARN_QUOTED_INCLUDE_IN_FRAMEWORK_HEADER = YES;
				CLANG_WARN_RANGE_LOOP_ANALYSIS = YES;
				CLANG_WARN_STRICT_PROTOTYPES = YES;
				CLANG_WARN_SUSPICIOUS_MOVE = YES;
				CLANG_WARN_UNGUARDED_AVAILABILITY = YES_AGGRESSIVE;
				CLANG_WARN_UNREACHABLE_CODE = YES;
				CLANG_WARN__DUPLICATE_METHOD_MATCH = YES;
				COPY_PHASE_STRIP = NO;
				DEBUG_INFORMATION_FORMAT = "dwarf-with-dsym";
				ENABLE_NS_ASSERTIONS = NO;
				ENABLE_STRICT_OBJC_MSGSEND = YES;
				ENABLE_USER_SCRIPT_SANDBOXING = YES;
				GCC_C_LANGUAGE_STANDARD = gnu17;
				GCC_NO_COMMON_BLOCKS = YES;
				GCC_WARN_64_TO_32_BIT_CONVERSION = YES;
				GCC_WARN_ABOUT_RETURN_TYPE = YES_ERROR;
				GCC_WARN_UNDECLARED_SELECTOR = YES;
				GCC_WARN_UNINITIALIZED_AUTOS = YES_AGGRESSIVE;
				GCC_WARN_UNUSED_FUNCTION = YES;
				GCC_WARN_UNUSED_VARIABLE = YES;
				IPHONEOS_DEPLOYMENT_TARGET = 18.2;
				LOCALIZATION_PREFERS_STRING_CATALOGS = YES;
				MTL_ENABLE_DEBUG_INFO = NO;
				MTL_FAST_MATH = YES;
				SDKROOT = iphoneos;
				SWIFT_COMPILATION_MODE = wholemodule;
				VALIDATE_PRODUCT = YES;
			};
			name = Release;
		};
		B96C19512D24D448008C8271 /* Debug */ = {
			isa = XCBuildConfiguration;
			baseConfigurationReference = 3CA0CE507DB35C82B9E8C483 /* Pods-fa-mail.debug.xcconfig */;
			buildSettings = {
				ASSETCATALOG_COMPILER_APPICON_NAME = AppIcon;
				ASSETCATALOG_COMPILER_GLOBAL_ACCENT_COLOR_NAME = AccentColor;
				CLANG_ENABLE_MODULES = YES;
				CODE_SIGN_STYLE = Automatic;
				CURRENT_PROJECT_VERSION = 1;
				DEVELOPMENT_ASSET_PATHS = "\"fa-mail/Preview Content\"";
				DEVELOPMENT_TEAM = UDUX3VH49J;
				ENABLE_PREVIEWS = YES;
				GENERATE_INFOPLIST_FILE = YES;
				INFOPLIST_FILE = "fa-mail/Info.plist";
				INFOPLIST_KEY_UIApplicationSceneManifest_Generation = YES;
				INFOPLIST_KEY_UIApplicationSupportsIndirectInputEvents = YES;
				INFOPLIST_KEY_UILaunchScreen_Generation = YES;
				INFOPLIST_KEY_UISupportedInterfaceOrientations_iPad = "UIInterfaceOrientationPortrait UIInterfaceOrientationPortraitUpsideDown UIInterfaceOrientationLandscapeLeft UIInterfaceOrientationLandscapeRight";
				INFOPLIST_KEY_UISupportedInterfaceOrientations_iPhone = "UIInterfaceOrientationPortrait UIInterfaceOrientationLandscapeLeft UIInterfaceOrientationLandscapeRight";
				LD_RUNPATH_SEARCH_PATHS = (
					"$(inherited)",
					"@executable_path/Frameworks",
				);
				MARKETING_VERSION = 1.0;
				PRODUCT_BUNDLE_IDENTIFIER = "com.friendlyautomations.fa-mail";
				PRODUCT_NAME = "$(TARGET_NAME)";
				SWIFT_EMIT_LOC_STRINGS = YES;
				SWIFT_OBJC_BRIDGING_HEADER = "fa-mail/fa-mail-Bridging-Header.h";
				SWIFT_OPTIMIZATION_LEVEL = "-Onone";
				SWIFT_VERSION = 5.0;
				TARGETED_DEVICE_FAMILY = "1,2";
			};
			name = Debug;
		};
		B96C19522D24D448008C8271 /* Release */ = {
			isa = XCBuildConfiguration;
			baseConfigurationReference = 0B15431575FE3E4DDD0820A3 /* Pods-fa-mail.release.xcconfig */;
			buildSettings = {
				ASSETCATALOG_COMPILER_APPICON_NAME = AppIcon;
				ASSETCATALOG_COMPILER_GLOBAL_ACCENT_COLOR_NAME = AccentColor;
				CLANG_ENABLE_MODULES = YES;
				CODE_SIGN_STYLE = Automatic;
				CURRENT_PROJECT_VERSION = 1;
				DEVELOPMENT_ASSET_PATHS = "\"fa-mail/Preview Content\"";
				DEVELOPMENT_TEAM = UDUX3VH49J;
				ENABLE_PREVIEWS = YES;
				GENERATE_INFOPLIST_FILE = YES;
				INFOPLIST_FILE = "fa-mail/Info.plist";
				INFOPLIST_KEY_UIApplicationSceneManifest_Generation = YES;
				INFOPLIST_KEY_UIApplicationSupportsIndirectInputEvents = YES;
				INFOPLIST_KEY_UILaunchScreen_Generation = YES;
				INFOPLIST_KEY_UISupportedInterfaceOrientations_iPad = "UIInterfaceOrientationPortrait UIInterfaceOrientationPortraitUpsideDown UIInterfaceOrientationLandscapeLeft UIInterfaceOrientationLandscapeRight";
				INFOPLIST_KEY_UISupportedInterfaceOrientations_iPhone = "UIInterfaceOrientationPortrait UIInterfaceOrientationLandscapeLeft UIInterfaceOrientationLandscapeRight";
				LD_RUNPATH_SEARCH_PATHS = (
					"$(inherited)",
					"@executable_path/Frameworks",
				);
				MARKETING_VERSION = 1.0;
				PRODUCT_BUNDLE_IDENTIFIER = "com.friendlyautomations.fa-mail";
				PRODUCT_NAME = "$(TARGET_NAME)";
				SWIFT_EMIT_LOC_STRINGS = YES;
				SWIFT_OBJC_BRIDGING_HEADER = "fa-mail/fa-mail-Bridging-Header.h";
				SWIFT_VERSION = 5.0;
				TARGETED_DEVICE_FAMILY = "1,2";
			};
			name = Release;
		};
		B96C19542D24D448008C8271 /* Debug */ = {
			isa = XCBuildConfiguration;
			baseConfigurationReference = CFEF66E2CD90C46E0C935678 /* Pods-fa-mailTests.debug.xcconfig */;
			buildSettings = {
				BUNDLE_LOADER = "$(TEST_HOST)";
				CODE_SIGN_STYLE = Automatic;
				CURRENT_PROJECT_VERSION = 1;
				GENERATE_INFOPLIST_FILE = YES;
				IPHONEOS_DEPLOYMENT_TARGET = 18.2;
				MARKETING_VERSION = 1.0;
				PRODUCT_BUNDLE_IDENTIFIER = "com.friendlyautomations.fa-mailTests";
				PRODUCT_NAME = "$(TARGET_NAME)";
				SWIFT_EMIT_LOC_STRINGS = NO;
				SWIFT_VERSION = 5.0;
				TARGETED_DEVICE_FAMILY = "1,2";
				TEST_HOST = "$(BUILT_PRODUCTS_DIR)/fa-mail.app/$(BUNDLE_EXECUTABLE_FOLDER_PATH)/fa-mail";
			};
			name = Debug;
		};
		B96C19552D24D448008C8271 /* Release */ = {
			isa = XCBuildConfiguration;
			baseConfigurationReference = FA77195601348423971693A3 /* Pods-fa-mailTests.release.xcconfig */;
			buildSettings = {
				BUNDLE_LOADER = "$(TEST_HOST)";
				CODE_SIGN_STYLE = Automatic;
				CURRENT_PROJECT_VERSION = 1;
				GENERATE_INFOPLIST_FILE = YES;
				IPHONEOS_DEPLOYMENT_TARGET = 18.2;
				MARKETING_VERSION = 1.0;
				PRODUCT_BUNDLE_IDENTIFIER = "com.friendlyautomations.fa-mailTests";
				PRODUCT_NAME = "$(TARGET_NAME)";
				SWIFT_EMIT_LOC_STRINGS = NO;
				SWIFT_VERSION = 5.0;
				TARGETED_DEVICE_FAMILY = "1,2";
				TEST_HOST = "$(BUILT_PRODUCTS_DIR)/fa-mail.app/$(BUNDLE_EXECUTABLE_FOLDER_PATH)/fa-mail";
			};
			name = Release;
		};
		B96C19572D24D448008C8271 /* Debug */ = {
			isa = XCBuildConfiguration;
			baseConfigurationReference = DA124DDC9CFFCFC127001401 /* Pods-fa-mail-fa-mailUITests.debug.xcconfig */;
			buildSettings = {
				CODE_SIGN_STYLE = Automatic;
				CURRENT_PROJECT_VERSION = 1;
				GENERATE_INFOPLIST_FILE = YES;
				MARKETING_VERSION = 1.0;
				PRODUCT_BUNDLE_IDENTIFIER = "com.friendlyautomations.fa-mailUITests";
				PRODUCT_NAME = "$(TARGET_NAME)";
				SWIFT_EMIT_LOC_STRINGS = NO;
				SWIFT_VERSION = 5.0;
				TARGETED_DEVICE_FAMILY = "1,2";
				TEST_TARGET_NAME = "fa-mail";
			};
			name = Debug;
		};
		B96C19582D24D448008C8271 /* Release */ = {
			isa = XCBuildConfiguration;
			baseConfigurationReference = BF3A7338AF8004D405C9F3AE /* Pods-fa-mail-fa-mailUITests.release.xcconfig */;
			buildSettings = {
				CODE_SIGN_STYLE = Automatic;
				CURRENT_PROJECT_VERSION = 1;
				GENERATE_INFOPLIST_FILE = YES;
				MARKETING_VERSION = 1.0;
				PRODUCT_BUNDLE_IDENTIFIER = "com.friendlyautomations.fa-mailUITests";
				PRODUCT_NAME = "$(TARGET_NAME)";
				SWIFT_EMIT_LOC_STRINGS = NO;
				SWIFT_VERSION = 5.0;
				TARGETED_DEVICE_FAMILY = "1,2";
				TEST_TARGET_NAME = "fa-mail";
			};
			name = Release;
		};
/* End XCBuildConfiguration section */

/* Begin XCConfigurationList section */
		B96C19272D24D445008C8271 /* Build configuration list for PBXProject "fa-mail" */ = {
			isa = XCConfigurationList;
			buildConfigurations = (
				B96C194E2D24D448008C8271 /* Debug */,
				B96C194F2D24D448008C8271 /* Release */,
			);
			defaultConfigurationIsVisible = 0;
			defaultConfigurationName = Release;
		};
		B96C19502D24D448008C8271 /* Build configuration list for PBXNativeTarget "fa-mail" */ = {
			isa = XCConfigurationList;
			buildConfigurations = (
				B96C19512D24D448008C8271 /* Debug */,
				B96C19522D24D448008C8271 /* Release */,
			);
			defaultConfigurationIsVisible = 0;
			defaultConfigurationName = Release;
		};
		B96C19532D24D448008C8271 /* Build configuration list for PBXNativeTarget "fa-mailTests" */ = {
			isa = XCConfigurationList;
			buildConfigurations = (
				B96C19542D24D448008C8271 /* Debug */,
				B96C19552D24D448008C8271 /* Release */,
			);
			defaultConfigurationIsVisible = 0;
			defaultConfigurationName = Release;
		};
		B96C19562D24D448008C8271 /* Build configuration list for PBXNativeTarget "fa-mailUITests" */ = {
			isa = XCConfigurationList;
			buildConfigurations = (
				B96C19572D24D448008C8271 /* Debug */,
				B96C19582D24D448008C8271 /* Release */,
			);
			defaultConfigurationIsVisible = 0;
			defaultConfigurationName = Release;
		};
/* End XCConfigurationList section */

/* Begin XCRemoteSwiftPackageReference section */
		B96C19592D251925008C8271 /* XCRemoteSwiftPackageReference "mailcore2" */ = {
			isa = XCRemoteSwiftPackageReference;
			repositoryURL = "https://github.com/MailCore/mailcore2";
			requirement = {
				branch = master;
				kind = branch;
			};
		};
/* End XCRemoteSwiftPackageReference section */
	};
	rootObject = B96C19242D24D445008C8271 /* Project object */;
}
